
Microsoft Visual Studio Solution File, Format Version 12.00
# Visual Studio Version 17
VisualStudioVersion = 17.10.35027.167
MinimumVisualStudioVersion = 10.0.40219.1
Project("{FAE04EC0-301F-11D3-BF4B-00C04F79EFBC}") = "DependencyInjection.Program", "DependencyInjection.Program\DependencyInjection.Program.csproj", "{48444D10-CE08-4599-B4E2-FAF46A664B79}"
EndProject
Project("{FAE04EC0-301F-11D3-BF4B-00C04F79EFBC}") = "DependencyInjection.Core", "DependencyInjection.Core\DependencyInjection.Core.csproj", "{BDC5206F-494E-4579-9FFF-502598E989D1}"
EndProject
Global
	GlobalSection(SolutionConfigurationPlatforms) = preSolution
		Debug|Any CPU = Debug|Any CPU
		Release|Any CPU = Release|Any CPU
	EndGlobalSection
	GlobalSection(ProjectConfigurationPlatforms) = postSolution
		{48444D10-CE08-4599-B4E2-FAF46A664B79}.Debug|Any CPU.ActiveCfg = Debug|Any CPU
		{48444D10-CE08-4599-B4E2-FAF46A664B79}.Debug|Any CPU.Build.0 = Debug|Any CPU
		{48444D10-CE08-4599-B4E2-FAF46A664B79}.Release|Any CPU.ActiveCfg = Release|Any CPU
		{48444D10-CE08-4599-B4E2-FAF46A664B79}.Release|Any CPU.Build.0 = Release|Any CPU
		{BDC5206F-494E-4579-9FFF-502598E989D1}.Debug|Any CPU.ActiveCfg = Debug|Any CPU
		{BDC5206F-494E-4579-9FFF-502598E989D1}.Debug|Any CPU.Build.0 = Debug|Any CPU
		{BDC5206F-494E-4579-9FFF-502598E989D1}.Release|Any CPU.ActiveCfg = Release|Any CPU
		{BDC5206F-494E-4579-9FFF-502598E989D1}.Release|Any CPU.Build.0 = Release|Any CPU
	EndGlobalSection
	GlobalSection(SolutionProperties) = preSolution
		HideSolutionNode = FALSE
	EndGlobalSection
	GlobalSection(ExtensibilityGlobals) = postSolution
		SolutionGuid = {6A447679-5505-41F1-AF93-C25872E24356}
	EndGlobalSection
EndGlobal
